
Microsoft Visual Studio Solution File, Format Version 12.00
# Visual Studio 15
VisualStudioVersion = 15.0.26403.7
MinimumVisualStudioVersion = 10.0.40219.1
Project("{FAE04EC0-301F-11D3-BF4B-00C04F79EFBC}") = "Ali.Admin", "Ali.Admin\Ali.Admin.csproj", "{DD2D0120-CBC7-4A35-8BD4-432D3AA6BE88}"
EndProject
Project("{FAE04EC0-301F-11D3-BF4B-00C04F79EFBC}") = "Ali.Web", "Ali.Web\Ali.Web.csproj", "{E447D8B3-60E0-439F-ACF7-428292E89AAF}"
EndProject
Project("{FAE04EC0-301F-11D3-BF4B-00C04F79EFBC}") = "Ali.Data", "Ali.Data\Ali.Data.csproj", "{3B3A6328-4FA0-4F42-8DD3-C5455A680B70}"
EndProject
Project("{FAE04EC0-301F-11D3-BF4B-00C04F79EFBC}") = "Ali.Model", "Ali.Model\Ali.Model.csproj", "{83B3248C-0993-461C-9030-164622A6019D}"
EndProject
Project("{FAE04EC0-301F-11D3-BF4B-00C04F79EFBC}") = "Ali.Service", "Ali.Service\Ali.Service.csproj", "{D94D10B1-DFE1-480C-9691-5D701F5F2B3F}"
EndProject
Global
	GlobalSection(SolutionConfigurationPlatforms) = preSolution
		Debug|Any CPU = Debug|Any CPU
		Release|Any CPU = Release|Any CPU
	EndGlobalSection
	GlobalSection(ProjectConfigurationPlatforms) = postSolution
		{DD2D0120-CBC7-4A35-8BD4-432D3AA6BE88}.Debug|Any CPU.ActiveCfg = Debug|Any CPU
		{DD2D0120-CBC7-4A35-8BD4-432D3AA6BE88}.Debug|Any CPU.Build.0 = Debug|Any CPU
		{DD2D0120-CBC7-4A35-8BD4-432D3AA6BE88}.Release|Any CPU.ActiveCfg = Release|Any CPU
		{DD2D0120-CBC7-4A35-8BD4-432D3AA6BE88}.Release|Any CPU.Build.0 = Release|Any CPU
		{E447D8B3-60E0-439F-ACF7-428292E89AAF}.Debug|Any CPU.ActiveCfg = Debug|Any CPU
		{E447D8B3-60E0-439F-ACF7-428292E89AAF}.Debug|Any CPU.Build.0 = Debug|Any CPU
		{E447D8B3-60E0-439F-ACF7-428292E89AAF}.Release|Any CPU.ActiveCfg = Release|Any CPU
		{E447D8B3-60E0-439F-ACF7-428292E89AAF}.Release|Any CPU.Build.0 = Release|Any CPU
		{3B3A6328-4FA0-4F42-8DD3-C5455A680B70}.Debug|Any CPU.ActiveCfg = Debug|Any CPU
		{3B3A6328-4FA0-4F42-8DD3-C5455A680B70}.Debug|Any CPU.Build.0 = Debug|Any CPU
		{3B3A6328-4FA0-4F42-8DD3-C5455A680B70}.Release|Any CPU.ActiveCfg = Release|Any CPU
		{3B3A6328-4FA0-4F42-8DD3-C5455A680B70}.Release|Any CPU.Build.0 = Release|Any CPU
		{83B3248C-0993-461C-9030-164622A6019D}.Debug|Any CPU.ActiveCfg = Debug|Any CPU
		{83B3248C-0993-461C-9030-164622A6019D}.Debug|Any CPU.Build.0 = Debug|Any CPU
		{83B3248C-0993-461C-9030-164622A6019D}.Release|Any CPU.ActiveCfg = Release|Any CPU
		{83B3248C-0993-461C-9030-164622A6019D}.Release|Any CPU.Build.0 = Release|Any CPU
		{D94D10B1-DFE1-480C-9691-5D701F5F2B3F}.Debug|Any CPU.ActiveCfg = Debug|Any CPU
		{D94D10B1-DFE1-480C-9691-5D701F5F2B3F}.Debug|Any CPU.Build.0 = Debug|Any CPU
		{D94D10B1-DFE1-480C-9691-5D701F5F2B3F}.Release|Any CPU.ActiveCfg = Release|Any CPU
		{D94D10B1-DFE1-480C-9691-5D701F5F2B3F}.Release|Any CPU.Build.0 = Release|Any CPU
	EndGlobalSection
	GlobalSection(SolutionProperties) = preSolution
		HideSolutionNode = FALSE
	EndGlobalSection
EndGlobal
